
Microsoft Visual Studio Solution File, Format Version 12.00
# Visual Studio Version 17
VisualStudioVersion = 17.9.34714.143
MinimumVisualStudioVersion = 10.0.40219.1
Project("{FAE04EC0-301F-11D3-BF4B-00C04F79EFBC}") = "WebView2UI", "WebView2UI.csproj", "{D21F8C1C-6289-4BD7-8BE4-AAB2B01F987D}"
EndProject
Global
	GlobalSection(SolutionConfigurationPlatforms) = preSolution
		Debug|Any CPU = Debug|Any CPU
		Release|Any CPU = Release|Any CPU
	EndGlobalSection
	GlobalSection(ProjectConfigurationPlatforms) = postSolution
		{D21F8C1C-6289-4BD7-8BE4-AAB2B01F987D}.Debug|Any CPU.ActiveCfg = Debug|Any CPU
		{D21F8C1C-6289-4BD7-8BE4-AAB2B01F987D}.Debug|Any CPU.Build.0 = Debug|Any CPU
		{D21F8C1C-6289-4BD7-8BE4-AAB2B01F987D}.Release|Any CPU.ActiveCfg = Release|Any CPU
		{D21F8C1C-6289-4BD7-8BE4-AAB2B01F987D}.Release|Any CPU.Build.0 = Release|Any CPU
	EndGlobalSection
	GlobalSection(SolutionProperties) = preSolution
		HideSolutionNode = FALSE
	EndGlobalSection
	GlobalSection(ExtensibilityGlobals) = postSolution
		SolutionGuid = {D3137D16-C607-4004-BF81-24C669C81FE2}
	EndGlobalSection
EndGlobal
